PODS:
  - AFNetworking (3.2.1):
    - AFNetworking/NSURLSession (= 3.2.1)
    - AFNetworking/Reachability (= 3.2.1)
    - AFNetworking/Security (= 3.2.1)
    - AFNetworking/Serialization (= 3.2.1)
    - AFNetworking/UIKit (= 3.2.1)
  - AFNetworking/NSURLSession (3.2.1):
    - AFNetworking/Reachability
    - AFNetworking/Security
    - AFNetworking/Serialization
  - AFNetworking/Reachability (3.2.1)
  - AFNetworking/Security (3.2.1)
  - AFNetworking/Serialization (3.2.1)
  - AFNetworking/UIKit (3.2.1):
    - AFNetworking/NSURLSession
  - FMDB (2.7.5):
    - FMDB/standard (= 2.7.5)
  - FMDB/standard (2.7.5)
  - IQKeyboardManager (6.2.1)
  - MBProgressHUD (1.1.0)
  - MJExtension (3.0.17)
  - MJRefresh (3.2.0)
  - MSNumberScrollAnimatedView (0.0.2)
  - PDBotKit (2.5.1)
  - SDWebImage (5.0.0):
    - SDWebImage/Core (= 5.0.0)
  - SDWebImage/Core (5.0.0)

DEPENDENCIES:
  - AFNetworking
  - FMDB
  - IQKeyboardManager
  - MBProgressHUD
  - MJExtension
  - MJRefresh
  - MSNumberScrollAnimatedView
  - PDBotKit
  - SDWebImage

SPEC REPOS:
  https://github.com/cocoapods/specs.git:
    - AFNetworking
    - FMDB
    - IQKeyboardManager
    - MBProgressHUD
    - MJExtension
    - MJRefresh
    - MSNumberScrollAnimatedView
    - PDBotKit
    - SDWebImage

SPEC CHECKSUMS:
  AFNetworking: b6f891fdfaed196b46c7a83cf209e09697b94057
  FMDB: 2ce00b547f966261cd18927a3ddb07cb6f3db82a
  IQKeyboardManager: 964638372b4a61892cc74fdfa6fd26de8c9464a2
  MBProgressHUD: e7baa36a220447d8aeb12769bf0585582f3866d9
  MJExtension: 74ec83124a68891619fb7ba9c5c811bbf1691076
  MJRefresh: ed450d6eb9d3346a2cb033ab7eb6de090aeef437
  MSNumberScrollAnimatedView: 28c0cb5d10cb0b93b4b9aa421455c22157ac0ed5
  PDBotKit: c07382dc1f66464c73096d3c04621024c25b8749
  SDWebImage: 5de80a0302de9e377e62f47d2fa1304efff0e55f

PODFILE CHECKSUM: 53d8de6b9f34a37c45f7b66b37b86158445d7ae7

COCOAPODS: 1.5.3
