// !$*UTF8*$!
{
	archiveVersion = 1;
	classes = {
	};
	objectVersion = 50;
	objects = {

/* Begin PBXBuildFile section */
		A20C2A6922ADF79D00F57347 /* 录音.m4a in Resources */ = {isa = PBXBuildFile; fileRef = A20C2A6822ADF79D00F57347 /* 录音.m4a */; };
		A21AADD122B8DA4E00E5B902 /* ZLNumberScrollAnimationView.m in Sources */ = {isa = PBXBuildFile; fileRef = A21AADD022B8DA4E00E5B902 /* ZLNumberScrollAnimationView.m */; };
		A23123B522A7C9FB00C2559C /* AlbumViewController.m in Sources */ = {isa = PBXBuildFile; fileRef = A231237E22A7C9FB00C2559C /* AlbumViewController.m */; };
		A23123B622A7C9FB00C2559C /* AlbumViewController.xib in Resources */ = {isa = PBXBuildFile; fileRef = A231237F22A7C9FB00C2559C /* AlbumViewController.xib */; };
		A23123B722A7C9FB00C2559C /* AudioListViewController.m in Sources */ = {isa = PBXBuildFile; fileRef = A231238122A7C9FB00C2559C /* AudioListViewController.m */; };
		A23123B822A7C9FB00C2559C /* AudioListViewController.xib in Resources */ = {isa = PBXBuildFile; fileRef = A231238222A7C9FB00C2559C /* AudioListViewController.xib */; };
		A23123B922A7C9FB00C2559C /* AudioRecorderViewController.m in Sources */ = {isa = PBXBuildFile; fileRef = A231238422A7C9FB00C2559C /* AudioRecorderViewController.m */; };
		A23123BA22A7C9FB00C2559C /* AudioRecorderViewController.xib in Resources */ = {isa = PBXBuildFile; fileRef = A231238522A7C9FB00C2559C /* AudioRecorderViewController.xib */; };
		A23123BB22A7C9FB00C2559C /* BaseViewController.m in Sources */ = {isa = PBXBuildFile; fileRef = A231238722A7C9FB00C2559C /* BaseViewController.m */; };
		A23123BC22A7C9FB00C2559C /* BaseViewController.xib in Resources */ = {isa = PBXBuildFile; fileRef = A231238822A7C9FB00C2559C /* BaseViewController.xib */; };
		A23123BD22A7C9FB00C2559C /* ContactsViewController.m in Sources */ = {isa = PBXBuildFile; fileRef = A231238A22A7C9FB00C2559C /* ContactsViewController.m */; };
		A23123BE22A7C9FB00C2559C /* ContactsViewController.xib in Resources */ = {isa = PBXBuildFile; fileRef = A231238B22A7C9FB00C2559C /* ContactsViewController.xib */; };
		A23123BF22A7C9FB00C2559C /* FileUploadTool.m in Sources */ = {isa = PBXBuildFile; fileRef = A231238D22A7C9FB00C2559C /* FileUploadTool.m */; };
		A23123C022A7C9FB00C2559C /* HttpTool.m in Sources */ = {isa = PBXBuildFile; fileRef = A231238F22A7C9FB00C2559C /* HttpTool.m */; };
		A23123C122A7C9FB00C2559C /* MediaViewController.m in Sources */ = {isa = PBXBuildFile; fileRef = A231239122A7C9FB00C2559C /* MediaViewController.m */; };
		A23123C222A7C9FB00C2559C /* MediaViewController.xib in Resources */ = {isa = PBXBuildFile; fileRef = A231239222A7C9FB00C2559C /* MediaViewController.xib */; };
		A23123C322A7C9FB00C2559C /* OCAndJS.html in Resources */ = {isa = PBXBuildFile; fileRef = A231239322A7C9FB00C2559C /* OCAndJS.html */; };
		A23123C422A7C9FB00C2559C /* OCAndJSViewController.m in Sources */ = {isa = PBXBuildFile; fileRef = A231239522A7C9FB00C2559C /* OCAndJSViewController.m */; };
		A23123C522A7C9FB00C2559C /* OCAndJSViewController.xib in Resources */ = {isa = PBXBuildFile; fileRef = A231239622A7C9FB00C2559C /* OCAndJSViewController.xib */; };
		A23123C622A7C9FB00C2559C /* OtherLoginViewController.m in Sources */ = {isa = PBXBuildFile; fileRef = A231239822A7C9FB00C2559C /* OtherLoginViewController.m */; };
		A23123C722A7C9FB00C2559C /* OtherLoginViewController.xib in Resources */ = {isa = PBXBuildFile; fileRef = A231239922A7C9FB00C2559C /* OtherLoginViewController.xib */; };
		A23123C822A7C9FB00C2559C /* PhotoBrowserViewController.m in Sources */ = {isa = PBXBuildFile; fileRef = A231239B22A7C9FB00C2559C /* PhotoBrowserViewController.m */; };
		A23123C922A7C9FB00C2559C /* PhotoBrowserViewController.xib in Resources */ = {isa = PBXBuildFile; fileRef = A231239C22A7C9FB00C2559C /* PhotoBrowserViewController.xib */; };
		A23123CA22A7C9FB00C2559C /* PhotoCollectionViewCell.m in Sources */ = {isa = PBXBuildFile; fileRef = A231239E22A7C9FB00C2559C /* PhotoCollectionViewCell.m */; };
		A23123CB22A7C9FB00C2559C /* PhotosViewController.m in Sources */ = {isa = PBXBuildFile; fileRef = A23123A022A7C9FB00C2559C /* PhotosViewController.m */; };
		A23123CC22A7C9FB00C2559C /* PhotosViewController.xib in Resources */ = {isa = PBXBuildFile; fileRef = A23123A122A7C9FB00C2559C /* PhotosViewController.xib */; };
		A23123CD22A7C9FB00C2559C /* PlayerLayerViewController.m in Sources */ = {isa = PBXBuildFile; fileRef = A23123A322A7C9FB00C2559C /* PlayerLayerViewController.m */; };
		A23123CE22A7C9FB00C2559C /* PlayerLayerViewController.xib in Resources */ = {isa = PBXBuildFile; fileRef = A23123A422A7C9FB00C2559C /* PlayerLayerViewController.xib */; };
		A23123CF22A7C9FB00C2559C /* QrCodeGeneratorViewController.m in Sources */ = {isa = PBXBuildFile; fileRef = A23123A622A7C9FB00C2559C /* QrCodeGeneratorViewController.m */; };
		A23123D022A7C9FB00C2559C /* QrCodeGeneratorViewController.xib in Resources */ = {isa = PBXBuildFile; fileRef = A23123A722A7C9FB00C2559C /* QrCodeGeneratorViewController.xib */; };
		A23123D122A7C9FB00C2559C /* QrCodeReaderViewController.m in Sources */ = {isa = PBXBuildFile; fileRef = A23123A922A7C9FB00C2559C /* QrCodeReaderViewController.m */; };
		A23123D222A7C9FB00C2559C /* QrCodeReaderViewController.xib in Resources */ = {isa = PBXBuildFile; fileRef = A23123AA22A7C9FB00C2559C /* QrCodeReaderViewController.xib */; };
		A23123D322A7C9FB00C2559C /* QRScanView.m in Sources */ = {isa = PBXBuildFile; fileRef = A23123AC22A7C9FB00C2559C /* QRScanView.m */; };
		A23123D422A7C9FB00C2559C /* SystemShareViewController.m in Sources */ = {isa = PBXBuildFile; fileRef = A23123AE22A7C9FB00C2559C /* SystemShareViewController.m */; };
		A23123D522A7C9FB00C2559C /* SystemShareViewController.xib in Resources */ = {isa = PBXBuildFile; fileRef = A23123AF22A7C9FB00C2559C /* SystemShareViewController.xib */; };
		A23123D622A7C9FB00C2559C /* UrlTestListViewController.m in Sources */ = {isa = PBXBuildFile; fileRef = A23123B122A7C9FB00C2559C /* UrlTestListViewController.m */; };
		A23123D722A7C9FB00C2559C /* UrlTestListViewController.xib in Resources */ = {isa = PBXBuildFile; fileRef = A23123B222A7C9FB00C2559C /* UrlTestListViewController.xib */; };
		A23123D822A7C9FB00C2559C /* ZLVideoModel.m in Sources */ = {isa = PBXBuildFile; fileRef = A23123B422A7C9FB00C2559C /* ZLVideoModel.m */; };
		A23123E122A7CB0800C2559C /* QQNavigationController.m in Sources */ = {isa = PBXBuildFile; fileRef = A23123E022A7CB0800C2559C /* QQNavigationController.m */; };
		A23123E422A7CB3400C2559C /* QQTabBarController.m in Sources */ = {isa = PBXBuildFile; fileRef = A23123E322A7CB3400C2559C /* QQTabBarController.m */; };
		A23123ED22A7CB7900C2559C /* QQBaseViewController.m in Sources */ = {isa = PBXBuildFile; fileRef = A23123EB22A7CB7900C2559C /* QQBaseViewController.m */; };
		A23123EE22A7CB7900C2559C /* QQBaseViewController.xib in Resources */ = {isa = PBXBuildFile; fileRef = A23123EC22A7CB7900C2559C /* QQBaseViewController.xib */; };
		A23123F222A7CB8900C2559C /* QQLoginViewController.m in Sources */ = {isa = PBXBuildFile; fileRef = A23123F022A7CB8900C2559C /* QQLoginViewController.m */; };
		A23123F322A7CB8900C2559C /* QQLoginViewController.xib in Resources */ = {isa = PBXBuildFile; fileRef = A23123F122A7CB8900C2559C /* QQLoginViewController.xib */; };
		A238B0BE22A11FAE001D143C /* MessageUI.framework in Frameworks */ = {isa = PBXBuildFile; fileRef = A238B0BD22A11FAE001D143C /* MessageUI.framework */; };
		A238D94422A90E7F002F3641 /* MenuLabel.m in Sources */ = {isa = PBXBuildFile; fileRef = A238D94322A90E7F002F3641 /* MenuLabel.m */; };
		A238D94722A90F23002F3641 /* TestBaseView.m in Sources */ = {isa = PBXBuildFile; fileRef = A238D94622A90F23002F3641 /* TestBaseView.m */; };
		A238D94B22A92173002F3641 /* SpeechRecognitionViewController.m in Sources */ = {isa = PBXBuildFile; fileRef = A238D94922A92173002F3641 /* SpeechRecognitionViewController.m */; };
		A238D94C22A92173002F3641 /* SpeechRecognitionViewController.xib in Resources */ = {isa = PBXBuildFile; fileRef = A238D94A22A92173002F3641 /* SpeechRecognitionViewController.xib */; };
		A238D94E22A9220B002F3641 /* Speech.framework in Frameworks */ = {isa = PBXBuildFile; fileRef = A238D94D22A9220B002F3641 /* Speech.framework */; };
		A2414F0122A4B579006A61CA /* CoreGraphics.framework in Frameworks */ = {isa = PBXBuildFile; fileRef = A2414F0022A4B579006A61CA /* CoreGraphics.framework */; };
		A247DE9022B8CD770086FB0C /* NumberScrollViewController.m in Sources */ = {isa = PBXBuildFile; fileRef = A247DE8E22B8CD770086FB0C /* NumberScrollViewController.m */; };
		A247DE9122B8CD770086FB0C /* NumberScrollViewController.xib in Resources */ = {isa = PBXBuildFile; fileRef = A247DE8F22B8CD770086FB0C /* NumberScrollViewController.xib */; };
		A24A8DF8229F7328005306E9 /* Contacts.framework in Frameworks */ = {isa = PBXBuildFile; fileRef = A24A8DF7229F7328005306E9 /* Contacts.framework */; };
		A24A8DFA229F7377005306E9 /* ContactsUI.framework in Frameworks */ = {isa = PBXBuildFile; fileRef = A24A8DF9229F7377005306E9 /* ContactsUI.framework */; };
		A270D7AF22AE3D9A009B61AC /* NSString+Base64.m in Sources */ = {isa = PBXBuildFile; fileRef = A270D7AE22AE3D9A009B61AC /* NSString+Base64.m */; };
		A279F727229CCB9B003FAC27 /* AppDelegate.m in Sources */ = {isa = PBXBuildFile; fileRef = A279F726229CCB9B003FAC27 /* AppDelegate.m */; };
		A279F72D229CCB9B003FAC27 /* Main.storyboard in Resources */ = {isa = PBXBuildFile; fileRef = A279F72B229CCB9B003FAC27 /* Main.storyboard */; };
		A279F72F229CCB9D003FAC27 /* Assets.xcassets in Resources */ = {isa = PBXBuildFile; fileRef = A279F72E229CCB9D003FAC27 /* Assets.xcassets */; };
		A279F732229CCB9D003FAC27 /* LaunchScreen.storyboard in Resources */ = {isa = PBXBuildFile; fileRef = A279F730229CCB9D003FAC27 /* LaunchScreen.storyboard */; };
		A279F735229CCB9D003FAC27 /* main.m in Sources */ = {isa = PBXBuildFile; fileRef = A279F734229CCB9D003FAC27 /* main.m */; };
		A279F74B229CCC0C003FAC27 /* LZImageBrowserForceTouchViewController.m in Sources */ = {isa = PBXBuildFile; fileRef = A279F73D229CCC0C003FAC27 /* LZImageBrowserForceTouchViewController.m */; };
		A279F74C229CCC0C003FAC27 /* LZImageBrowserMainView.m in Sources */ = {isa = PBXBuildFile; fileRef = A279F740229CCC0C003FAC27 /* LZImageBrowserMainView.m */; };
		A279F74D229CCC0C003FAC27 /* LZImageBrowserManger.m in Sources */ = {isa = PBXBuildFile; fileRef = A279F742229CCC0C003FAC27 /* LZImageBrowserManger.m */; };
		A279F74E229CCC0C003FAC27 /* LZImageBrowserModel.m in Sources */ = {isa = PBXBuildFile; fileRef = A279F744229CCC0C003FAC27 /* LZImageBrowserModel.m */; };
		A279F74F229CCC0C003FAC27 /* LZImageBrowserSubView.m in Sources */ = {isa = PBXBuildFile; fileRef = A279F746229CCC0C003FAC27 /* LZImageBrowserSubView.m */; };
		A279F750229CCC0C003FAC27 /* LZImageBrowserTranslation.m in Sources */ = {isa = PBXBuildFile; fileRef = A279F748229CCC0C003FAC27 /* LZImageBrowserTranslation.m */; };
		A279F751229CCC0C003FAC27 /* LZImageBrowserViewController.m in Sources */ = {isa = PBXBuildFile; fileRef = A279F74A229CCC0C003FAC27 /* LZImageBrowserViewController.m */; };
		A279F76C229CCC36003FAC27 /* ViewController.m in Sources */ = {isa = PBXBuildFile; fileRef = A279F76A229CCC36003FAC27 /* ViewController.m */; };
		A27E59ED22A907EB00DF379E /* BaseTableViewCell.m in Sources */ = {isa = PBXBuildFile; fileRef = A27E59EB22A907EB00DF379E /* BaseTableViewCell.m */; };
		A27E59EE22A907EB00DF379E /* BaseTableViewCell.xib in Resources */ = {isa = PBXBuildFile; fileRef = A27E59EC22A907EB00DF379E /* BaseTableViewCell.xib */; };
		A29F0BE922B781520076B108 /* SIMInfoViewController.m in Sources */ = {isa = PBXBuildFile; fileRef = A29F0BE722B781520076B108 /* SIMInfoViewController.m */; };
		A29F0BEA22B781520076B108 /* SIMInfoViewController.xib in Resources */ = {isa = PBXBuildFile; fileRef = A29F0BE822B781520076B108 /* SIMInfoViewController.xib */; };
		A2BCFA3422A8E728004AD109 /* FaceAnalyzeViewController.m in Sources */ = {isa = PBXBuildFile; fileRef = A2BCFA3222A8E728004AD109 /* FaceAnalyzeViewController.m */; };
		A2BCFA3522A8E728004AD109 /* FaceAnalyzeViewController.xib in Resources */ = {isa = PBXBuildFile; fileRef = A2BCFA3322A8E728004AD109 /* FaceAnalyzeViewController.xib */; };
		A2BCFA3722A8EAD3004AD109 /* CoreImage.framework in Frameworks */ = {isa = PBXBuildFile; fileRef = A2BCFA3622A8EAD3004AD109 /* CoreImage.framework */; };
		A2BCFA3A22A8F4B9004AD109 /* UIImage+fixOrientation.m in Sources */ = {isa = PBXBuildFile; fileRef = A2BCFA3922A8F4B9004AD109 /* UIImage+fixOrientation.m */; };
		A2C83464229FB4D6005DB6DF /* FBSDKCoreKit.framework in Frameworks */ = {isa = PBXBuildFile; fileRef = A2C83462229FB4D6005DB6DF /* FBSDKCoreKit.framework */; };
		A2C83465229FB4D6005DB6DF /* FBSDKLoginKit.framework in Frameworks */ = {isa = PBXBuildFile; fileRef = A2C83463229FB4D6005DB6DF /* FBSDKLoginKit.framework */; };
		A2C83467229FBB6A005DB6DF /* AccountKit.framework in Frameworks */ = {isa = PBXBuildFile; fileRef = A2C83466229FBB6A005DB6DF /* AccountKit.framework */; };
		A2CD6EC522B79099001E741C /* Security.framework in Frameworks */ = {isa = PBXBuildFile; fileRef = A2CD6EC422B79099001E741C /* Security.framework */; };
		A2CD6EC922B7A492001E741C /* HealthViewController.m in Sources */ = {isa = PBXBuildFile; fileRef = A2CD6EC722B7A492001E741C /* HealthViewController.m */; };
		A2CD6ECA22B7A492001E741C /* HealthViewController.xib in Resources */ = {isa = PBXBuildFile; fileRef = A2CD6EC822B7A492001E741C /* HealthViewController.xib */; };
		A2DC1C7322B8CB9600C2CD22 /* UILabel+JumpNumber.m in Sources */ = {isa = PBXBuildFile; fileRef = A2DC1C7222B8CB9600C2CD22 /* UILabel+JumpNumber.m */; };
		A2E5F0F522A0C27000876A89 /* AVFoundation.framework in Frameworks */ = {isa = PBXBuildFile; fileRef = A2E5F0F422A0C27000876A89 /* AVFoundation.framework */; };
		A2F4BD6F22A8C611001978E5 /* CoreTelephony.framework in Frameworks */ = {isa = PBXBuildFile; fileRef = A2F4BD6E22A8C611001978E5 /* CoreTelephony.framework */; };
		A2FEDFFF22A50C540009B52B /* LocalAuthentication.framework in Frameworks */ = {isa = PBXBuildFile; fileRef = A2FEDFFE22A50C540009B52B /* LocalAuthentication.framework */; };
		A2FEE00122A51AB40009B52B /* JavaScriptCore.framework in Frameworks */ = {isa = PBXBuildFile; fileRef = A2FEE00022A51AB40009B52B /* JavaScriptCore.framework */; };
		B11E3DC7CDE6D625AFA6A0F1 /* libPods-PhotosFrameworkUsage.a in Frameworks */ = {isa = PBXBuildFile; fileRef = 7F45DA5A71F4E24256E35FD9 /* libPods-PhotosFrameworkUsage.a */; };
		E6315E7222B91352006208E6 /* ZLNumberScrollView.m in Sources */ = {isa = PBXBuildFile; fileRef = E6315E7122B91352006208E6 /* ZLNumberScrollView.m */; };
		E6D0419022B91542003DF664 /* NumberCollectionViewCell.m in Sources */ = {isa = PBXBuildFile; fileRef = E6D0418E22B91542003DF664 /* NumberCollectionViewCell.m */; };
		E6D0419122B91542003DF664 /* NumberCollectionViewCell.xib in Resources */ = {isa = PBXBuildFile; fileRef = E6D0418F22B91542003DF664 /* NumberCollectionViewCell.xib */; };
/* End PBXBuildFile section */

/* Begin PBXFileReference section */
		7B3F4E2AE4392DAA3D2980A2 /* Pods-PhotosFrameworkUsage.release.xcconfig */ = {isa = PBXFileReference; includeInIndex = 1; lastKnownFileType = text.xcconfig; name = "Pods-PhotosFrameworkUsage.release.xcconfig"; path = "Pods/Target Support Files/Pods-PhotosFrameworkUsage/Pods-PhotosFrameworkUsage.release.xcconfig"; sourceTree = "<group>"; };
		7F45DA5A71F4E24256E35FD9 /* libPods-PhotosFrameworkUsage.a */ = {isa = PBXFileReference; explicitFileType = archive.ar; includeInIndex = 0; path = "libPods-PhotosFrameworkUsage.a"; sourceTree = BUILT_PRODUCTS_DIR; };
		A20C2A6822ADF79D00F57347 /* 录音.m4a */ = {isa = PBXFileReference; lastKnownFileType = file; path = "录音.m4a"; sourceTree = "<group>"; };
		A21AADCF22B8DA4E00E5B902 /* ZLNumberScrollAnimationView.h */ = {isa = PBXFileReference; lastKnownFileType = sourcecode.c.h; path = ZLNumberScrollAnimationView.h; sourceTree = "<group>"; };
		A21AADD022B8DA4E00E5B902 /* ZLNumberScrollAnimationView.m */ = {isa = PBXFileReference; lastKnownFileType = sourcecode.c.objc; path = ZLNumberScrollAnimationView.m; sourceTree = "<group>"; };
		A231237D22A7C9FB00C2559C /* AlbumViewController.h */ = {isa = PBXFileReference; fileEncoding = 4; lastKnownFileType = sourcecode.c.h; path = AlbumViewController.h; sourceTree = "<group>"; };
		A231237E22A7C9FB00C2559C /* AlbumViewController.m */ = {isa = PBXFileReference; fileEncoding = 4; lastKnownFileType = sourcecode.c.objc; path = AlbumViewController.m; sourceTree = "<group>"; };
		A231237F22A7C9FB00C2559C /* AlbumViewController.xib */ = {isa = PBXFileReference; fileEncoding = 4; lastKnownFileType = file.xib; path = AlbumViewController.xib; sourceTree = "<group>"; };
		A231238022A7C9FB00C2559C /* AudioListViewController.h */ = {isa = PBXFileReference; fileEncoding = 4; lastKnownFileType = sourcecode.c.h; path = AudioListViewController.h; sourceTree = "<group>"; };
		A231238122A7C9FB00C2559C /* AudioListViewController.m */ = {isa = PBXFileReference; fileEncoding = 4; lastKnownFileType = sourcecode.c.objc; path = AudioListViewController.m; sourceTree = "<group>"; };
		A231238222A7C9FB00C2559C /* AudioListViewController.xib */ = {isa = PBXFileReference; fileEncoding = 4; lastKnownFileType = file.xib; path = AudioListViewController.xib; sourceTree = "<group>"; };
		A231238322A7C9FB00C2559C /* AudioRecorderViewController.h */ = {isa = PBXFileReference; fileEncoding = 4; lastKnownFileType = sourcecode.c.h; path = AudioRecorderViewController.h; sourceTree = "<group>"; };
		A231238422A7C9FB00C2559C /* AudioRecorderViewController.m */ = {isa = PBXFileReference; fileEncoding = 4; lastKnownFileType = sourcecode.c.objc; path = AudioRecorderViewController.m; sourceTree = "<group>"; };
		A231238522A7C9FB00C2559C /* AudioRecorderViewController.xib */ = {isa = PBXFileReference; fileEncoding = 4; lastKnownFileType = file.xib; path = AudioRecorderViewController.xib; sourceTree = "<group>"; };
		A231238622A7C9FB00C2559C /* BaseViewController.h */ = {isa = PBXFileReference; fileEncoding = 4; lastKnownFileType = sourcecode.c.h; path = BaseViewController.h; sourceTree = "<group>"; };
		A231238722A7C9FB00C2559C /* BaseViewController.m */ = {isa = PBXFileReference; fileEncoding = 4; lastKnownFileType = sourcecode.c.objc; path = BaseViewController.m; sourceTree = "<group>"; };
		A231238822A7C9FB00C2559C /* BaseViewController.xib */ = {isa = PBXFileReference; fileEncoding = 4; lastKnownFileType = file.xib; path = BaseViewController.xib; sourceTree = "<group>"; };
		A231238922A7C9FB00C2559C /* ContactsViewController.h */ = {isa = PBXFileReference; fileEncoding = 4; lastKnownFileType = sourcecode.c.h; path = ContactsViewController.h; sourceTree = "<group>"; };
		A231238A22A7C9FB00C2559C /* ContactsViewController.m */ = {isa = PBXFileReference; fileEncoding = 4; lastKnownFileType = sourcecode.c.objc; path = ContactsViewController.m; sourceTree = "<group>"; };
		A231238B22A7C9FB00C2559C /* ContactsViewController.xib */ = {isa = PBXFileReference; fileEncoding = 4; lastKnownFileType = file.xib; path = ContactsViewController.xib; sourceTree = "<group>"; };
		A231238C22A7C9FB00C2559C /* FileUploadTool.h */ = {isa = PBXFileReference; fileEncoding = 4; lastKnownFileType = sourcecode.c.h; path = FileUploadTool.h; sourceTree = "<group>"; };
		A231238D22A7C9FB00C2559C /* FileUploadTool.m */ = {isa = PBXFileReference; fileEncoding = 4; lastKnownFileType = sourcecode.c.objc; path = FileUploadTool.m; sourceTree = "<group>"; };
		A231238E22A7C9FB00C2559C /* HttpTool.h */ = {isa = PBXFileReference; fileEncoding = 4; lastKnownFileType = sourcecode.c.h; path = HttpTool.h; sourceTree = "<group>"; };
		A231238F22A7C9FB00C2559C /* HttpTool.m */ = {isa = PBXFileReference; fileEncoding = 4; lastKnownFileType = sourcecode.c.objc; path = HttpTool.m; sourceTree = "<group>"; };
		A231239022A7C9FB00C2559C /* MediaViewController.h */ = {isa = PBXFileReference; fileEncoding = 4; lastKnownFileType = sourcecode.c.h; path = MediaViewController.h; sourceTree = "<group>"; };
		A231239122A7C9FB00C2559C /* MediaViewController.m */ = {isa = PBXFileReference; fileEncoding = 4; lastKnownFileType = sourcecode.c.objc; path = MediaViewController.m; sourceTree = "<group>"; };
		A231239222A7C9FB00C2559C /* MediaViewController.xib */ = {isa = PBXFileReference; fileEncoding = 4; lastKnownFileType = file.xib; path = MediaViewController.xib; sourceTree = "<group>"; };
		A231239322A7C9FB00C2559C /* OCAndJS.html */ = {isa = PBXFileReference; fileEncoding = 4; lastKnownFileType = text.html; path = OCAndJS.html; sourceTree = "<group>"; };
		A231239422A7C9FB00C2559C /* OCAndJSViewController.h */ = {isa = PBXFileReference; fileEncoding = 4; lastKnownFileType = sourcecode.c.h; path = OCAndJSViewController.h; sourceTree = "<group>"; };
		A231239522A7C9FB00C2559C /* OCAndJSViewController.m */ = {isa = PBXFileReference; fileEncoding = 4; lastKnownFileType = sourcecode.c.objc; path = OCAndJSViewController.m; sourceTree = "<group>"; };
		A231239622A7C9FB00C2559C /* OCAndJSViewController.xib */ = {isa = PBXFileReference; fileEncoding = 4; lastKnownFileType = file.xib; path = OCAndJSViewController.xib; sourceTree = "<group>"; };
		A231239722A7C9FB00C2559C /* OtherLoginViewController.h */ = {isa = PBXFileReference; fileEncoding = 4; lastKnownFileType = sourcecode.c.h; path = OtherLoginViewController.h; sourceTree = "<group>"; };
		A231239822A7C9FB00C2559C /* OtherLoginViewController.m */ = {isa = PBXFileReference; fileEncoding = 4; lastKnownFileType = sourcecode.c.objc; path = OtherLoginViewController.m; sourceTree = "<group>"; };
		A231239922A7C9FB00C2559C /* OtherLoginViewController.xib */ = {isa = PBXFileReference; fileEncoding = 4; lastKnownFileType = file.xib; path = OtherLoginViewController.xib; sourceTree = "<group>"; };
		A231239A22A7C9FB00C2559C /* PhotoBrowserViewController.h */ = {isa = PBXFileReference; fileEncoding = 4; lastKnownFileType = sourcecode.c.h; path = PhotoBrowserViewController.h; sourceTree = "<group>"; };
		A231239B22A7C9FB00C2559C /* PhotoBrowserViewController.m */ = {isa = PBXFileReference; fileEncoding = 4; lastKnownFileType = sourcecode.c.objc; path = PhotoBrowserViewController.m; sourceTree = "<group>"; };
		A231239C22A7C9FB00C2559C /* PhotoBrowserViewController.xib */ = {isa = PBXFileReference; fileEncoding = 4; lastKnownFileType = file.xib; path = PhotoBrowserViewController.xib; sourceTree = "<group>"; };
		A231239D22A7C9FB00C2559C /* PhotoCollectionViewCell.h */ = {isa = PBXFileReference; fileEncoding = 4; lastKnownFileType = sourcecode.c.h; path = PhotoCollectionViewCell.h; sourceTree = "<group>"; };
		A231239E22A7C9FB00C2559C /* PhotoCollectionViewCell.m */ = {isa = PBXFileReference; fileEncoding = 4; lastKnownFileType = sourcecode.c.objc; path = PhotoCollectionViewCell.m; sourceTree = "<group>"; };
		A231239F22A7C9FB00C2559C /* PhotosViewController.h */ = {isa = PBXFileReference; fileEncoding = 4; lastKnownFileType = sourcecode.c.h; path = PhotosViewController.h; sourceTree = "<group>"; };
		A23123A022A7C9FB00C2559C /* PhotosViewController.m */ = {isa = PBXFileReference; fileEncoding = 4; lastKnownFileType = sourcecode.c.objc; path = PhotosViewController.m; sourceTree = "<group>"; };
		A23123A122A7C9FB00C2559C /* PhotosViewController.xib */ = {isa = PBXFileReference; fileEncoding = 4; lastKnownFileType = file.xib; path = PhotosViewController.xib; sourceTree = "<group>"; };
		A23123A222A7C9FB00C2559C /* PlayerLayerViewController.h */ = {isa = PBXFileReference; fileEncoding = 4; lastKnownFileType = sourcecode.c.h; path = PlayerLayerViewController.h; sourceTree = "<group>"; };
		A23123A322A7C9FB00C2559C /* PlayerLayerViewController.m */ = {isa = PBXFileReference; fileEncoding = 4; lastKnownFileType = sourcecode.c.objc; path = PlayerLayerViewController.m; sourceTree = "<group>"; };
		A23123A422A7C9FB00C2559C /* PlayerLayerViewController.xib */ = {isa = PBXFileReference; fileEncoding = 4; lastKnownFileType = file.xib; path = PlayerLayerViewController.xib; sourceTree = "<group>"; };
		A23123A522A7C9FB00C2559C /* QrCodeGeneratorViewController.h */ = {isa = PBXFileReference; fileEncoding = 4; lastKnownFileType = sourcecode.c.h; path = QrCodeGeneratorViewController.h; sourceTree = "<group>"; };
		A23123A622A7C9FB00C2559C /* QrCodeGeneratorViewController.m */ = {isa = PBXFileReference; fileEncoding = 4; lastKnownFileType = sourcecode.c.objc; path = QrCodeGeneratorViewController.m; sourceTree = "<group>"; };
		A23123A722A7C9FB00C2559C /* QrCodeGeneratorViewController.xib */ = {isa = PBXFileReference; fileEncoding = 4; lastKnownFileType = file.xib; path = QrCodeGeneratorViewController.xib; sourceTree = "<group>"; };
		A23123A822A7C9FB00C2559C /* QrCodeReaderViewController.h */ = {isa = PBXFileReference; fileEncoding = 4; lastKnownFileType = sourcecode.c.h; path = QrCodeReaderViewController.h; sourceTree = "<group>"; };
		A23123A922A7C9FB00C2559C /* QrCodeReaderViewController.m */ = {isa = PBXFileReference; fileEncoding = 4; lastKnownFileType = sourcecode.c.objc; path = QrCodeReaderViewController.m; sourceTree = "<group>"; };
		A23123AA22A7C9FB00C2559C /* QrCodeReaderViewController.xib */ = {isa = PBXFileReference; fileEncoding = 4; lastKnownFileType = file.xib; path = QrCodeReaderViewController.xib; sourceTree = "<group>"; };
		A23123AB22A7C9FB00C2559C /* QRScanView.h */ = {isa = PBXFileReference; fileEncoding = 4; lastKnownFileType = sourcecode.c.h; path = QRScanView.h; sourceTree = "<group>"; };
		A23123AC22A7C9FB00C2559C /* QRScanView.m */ = {isa = PBXFileReference; fileEncoding = 4; lastKnownFileType = sourcecode.c.objc; path = QRScanView.m; sourceTree = "<group>"; };
		A23123AD22A7C9FB00C2559C /* SystemShareViewController.h */ = {isa = PBXFileReference; fileEncoding = 4; lastKnownFileType = sourcecode.c.h; path = SystemShareViewController.h; sourceTree = "<group>"; };
		A23123AE22A7C9FB00C2559C /* SystemShareViewController.m */ = {isa = PBXFileReference; fileEncoding = 4; lastKnownFileType = sourcecode.c.objc; path = SystemShareViewController.m; sourceTree = "<group>"; };
		A23123AF22A7C9FB00C2559C /* SystemShareViewController.xib */ = {isa = PBXFileReference; fileEncoding = 4; lastKnownFileType = file.xib; path = SystemShareViewController.xib; sourceTree = "<group>"; };
		A23123B022A7C9FB00C2559C /* UrlTestListViewController.h */ = {isa = PBXFileReference; fileEncoding = 4; lastKnownFileType = sourcecode.c.h; path = UrlTestListViewController.h; sourceTree = "<group>"; };
		A23123B122A7C9FB00C2559C /* UrlTestListViewController.m */ = {isa = PBXFileReference; fileEncoding = 4; lastKnownFileType = sourcecode.c.objc; path = UrlTestListViewController.m; sourceTree = "<group>"; };
		A23123B222A7C9FB00C2559C /* UrlTestListViewController.xib */ = {isa = PBXFileReference; fileEncoding = 4; lastKnownFileType = file.xib; path = UrlTestListViewController.xib; sourceTree = "<group>"; };
		A23123B322A7C9FB00C2559C /* ZLVideoModel.h */ = {isa = PBXFileReference; fileEncoding = 4; lastKnownFileType = sourcecode.c.h; path = ZLVideoModel.h; sourceTree = "<group>"; };
		A23123B422A7C9FB00C2559C /* ZLVideoModel.m */ = {isa = PBXFileReference; fileEncoding = 4; lastKnownFileType = sourcecode.c.objc; path = ZLVideoModel.m; sourceTree = "<group>"; };
		A23123DF22A7CB0800C2559C /* QQNavigationController.h */ = {isa = PBXFileReference; lastKnownFileType = sourcecode.c.h; path = QQNavigationController.h; sourceTree = "<group>"; };
		A23123E022A7CB0800C2559C /* QQNavigationController.m */ = {isa = PBXFileReference; lastKnownFileType = sourcecode.c.objc; path = QQNavigationController.m; sourceTree = "<group>"; };
		A23123E222A7CB3400C2559C /* QQTabBarController.h */ = {isa = PBXFileReference; lastKnownFileType = sourcecode.c.h; path = QQTabBarController.h; sourceTree = "<group>"; };
		A23123E322A7CB3400C2559C /* QQTabBarController.m */ = {isa = PBXFileReference; lastKnownFileType = sourcecode.c.objc; path = QQTabBarController.m; sourceTree = "<group>"; };
		A23123EA22A7CB7900C2559C /* QQBaseViewController.h */ = {isa = PBXFileReference; lastKnownFileType = sourcecode.c.h; path = QQBaseViewController.h; sourceTree = "<group>"; };
		A23123EB22A7CB7900C2559C /* QQBaseViewController.m */ = {isa = PBXFileReference; lastKnownFileType = sourcecode.c.objc; path = QQBaseViewController.m; sourceTree = "<group>"; };
		A23123EC22A7CB7900C2559C /* QQBaseViewController.xib */ = {isa = PBXFileReference; lastKnownFileType = file.xib; path = QQBaseViewController.xib; sourceTree = "<group>"; };
		A23123EF22A7CB8900C2559C /* QQLoginViewController.h */ = {isa = PBXFileReference; lastKnownFileType = sourcecode.c.h; path = QQLoginViewController.h; sourceTree = "<group>"; };
		A23123F022A7CB8900C2559C /* QQLoginViewController.m */ = {isa = PBXFileReference; lastKnownFileType = sourcecode.c.objc; path = QQLoginViewController.m; sourceTree = "<group>"; };
		A23123F122A7CB8900C2559C /* QQLoginViewController.xib */ = {isa = PBXFileReference; lastKnownFileType = file.xib; path = QQLoginViewController.xib; sourceTree = "<group>"; };
		A238B0BD22A11FAE001D143C /* MessageUI.framework */ = {isa = PBXFileReference; lastKnownFileType = wrapper.framework; name = MessageUI.framework; path = System/Library/Frameworks/MessageUI.framework; sourceTree = SDKROOT; };
		A238D94222A90E7F002F3641 /* MenuLabel.h */ = {isa = PBXFileReference; lastKnownFileType = sourcecode.c.h; path = MenuLabel.h; sourceTree = "<group>"; };
		A238D94322A90E7F002F3641 /* MenuLabel.m */ = {isa = PBXFileReference; lastKnownFileType = sourcecode.c.objc; path = MenuLabel.m; sourceTree = "<group>"; };
		A238D94522A90F23002F3641 /* TestBaseView.h */ = {isa = PBXFileReference; lastKnownFileType = sourcecode.c.h; path = TestBaseView.h; sourceTree = "<group>"; };
		A238D94622A90F23002F3641 /* TestBaseView.m */ = {isa = PBXFileReference; lastKnownFileType = sourcecode.c.objc; path = TestBaseView.m; sourceTree = "<group>"; };
		A238D94822A92173002F3641 /* SpeechRecognitionViewController.h */ = {isa = PBXFileReference; lastKnownFileType = sourcecode.c.h; path = SpeechRecognitionViewController.h; sourceTree = "<group>"; };
		A238D94922A92173002F3641 /* SpeechRecognitionViewController.m */ = {isa = PBXFileReference; lastKnownFileType = sourcecode.c.objc; path = SpeechRecognitionViewController.m; sourceTree = "<group>"; };
		A238D94A22A92173002F3641 /* SpeechRecognitionViewController.xib */ = {isa = PBXFileReference; lastKnownFileType = file.xib; path = SpeechRecognitionViewController.xib; sourceTree = "<group>"; };
		A238D94D22A9220B002F3641 /* Speech.framework */ = {isa = PBXFileReference; lastKnownFileType = wrapper.framework; name = Speech.framework; path = System/Library/Frameworks/Speech.framework; sourceTree = SDKROOT; };
		A2414F0022A4B579006A61CA /* CoreGraphics.framework */ = {isa = PBXFileReference; lastKnownFileType = wrapper.framework; name = CoreGraphics.framework; path = System/Library/Frameworks/CoreGraphics.framework; sourceTree = SDKROOT; };
		A247DE8D22B8CD770086FB0C /* NumberScrollViewController.h */ = {isa = PBXFileReference; lastKnownFileType = sourcecode.c.h; path = NumberScrollViewController.h; sourceTree = "<group>"; };
		A247DE8E22B8CD770086FB0C /* NumberScrollViewController.m */ = {isa = PBXFileReference; lastKnownFileType = sourcecode.c.objc; path = NumberScrollViewController.m; sourceTree = "<group>"; };
		A247DE8F22B8CD770086FB0C /* NumberScrollViewController.xib */ = {isa = PBXFileReference; lastKnownFileType = file.xib; path = NumberScrollViewController.xib; sourceTree = "<group>"; };
		A24A8DF7229F7328005306E9 /* Contacts.framework */ = {isa = PBXFileReference; lastKnownFileType = wrapper.framework; name = Contacts.framework; path = System/Library/Frameworks/Contacts.framework; sourceTree = SDKROOT; };
		A24A8DF9229F7377005306E9 /* ContactsUI.framework */ = {isa = PBXFileReference; lastKnownFileType = wrapper.framework; name = ContactsUI.framework; path = System/Library/Frameworks/ContactsUI.framework; sourceTree = SDKROOT; };
		A270D7AD22AE3D9A009B61AC /* NSString+Base64.h */ = {isa = PBXFileReference; lastKnownFileType = sourcecode.c.h; path = "NSString+Base64.h"; sourceTree = "<group>"; };
		A270D7AE22AE3D9A009B61AC /* NSString+Base64.m */ = {isa = PBXFileReference; lastKnownFileType = sourcecode.c.objc; path = "NSString+Base64.m"; sourceTree = "<group>"; };
		A279F722229CCB9B003FAC27 /* PhotosFrameworkUsage.app */ = {isa = PBXFileReference; explicitFileType = wrapper.application; includeInIndex = 0; path = PhotosFrameworkUsage.app; sourceTree = BUILT_PRODUCTS_DIR; };
		A279F725229CCB9B003FAC27 /* AppDelegate.h */ = {isa = PBXFileReference; lastKnownFileType = sourcecode.c.h; path = AppDelegate.h; sourceTree = "<group>"; };
		A279F726229CCB9B003FAC27 /* AppDelegate.m */ = {isa = PBXFileReference; lastKnownFileType = sourcecode.c.objc; path = AppDelegate.m; sourceTree = "<group>"; };
		A279F72C229CCB9B003FAC27 /* Base */ = {isa = PBXFileReference; lastKnownFileType = file.storyboard; name = Base; path = Base.lproj/Main.storyboard; sourceTree = "<group>"; };
		A279F72E229CCB9D003FAC27 /* Assets.xcassets */ = {isa = PBXFileReference; lastKnownFileType = folder.assetcatalog; path = Assets.xcassets; sourceTree = "<group>"; };
		A279F731229CCB9D003FAC27 /* Base */ = {isa = PBXFileReference; lastKnownFileType = file.storyboard; name = Base; path = Base.lproj/LaunchScreen.storyboard; sourceTree = "<group>"; };
		A279F733229CCB9D003FAC27 /* Info.plist */ = {isa = PBXFileReference; lastKnownFileType = text.plist.xml; path = Info.plist; sourceTree = "<group>"; };
		A279F734229CCB9D003FAC27 /* main.m */ = {isa = PBXFileReference; lastKnownFileType = sourcecode.c.objc; path = main.m; sourceTree = "<group>"; };
		A279F73C229CCC0C003FAC27 /* LZImageBrowserForceTouchViewController.h */ = {isa = PBXFileReference; fileEncoding = 4; lastKnownFileType = sourcecode.c.h; path = LZImageBrowserForceTouchViewController.h; sourceTree = "<group>"; };
		A279F73D229CCC0C003FAC27 /* LZImageBrowserForceTouchViewController.m */ = {isa = PBXFileReference; fileEncoding = 4; lastKnownFileType = sourcecode.c.objc; path = LZImageBrowserForceTouchViewController.m; sourceTree = "<group>"; };
		A279F73E229CCC0C003FAC27 /* LZImageBrowserHeader.h */ = {isa = PBXFileReference; fileEncoding = 4; lastKnownFileType = sourcecode.c.h; path = LZImageBrowserHeader.h; sourceTree = "<group>"; };
		A279F73F229CCC0C003FAC27 /* LZImageBrowserMainView.h */ = {isa = PBXFileReference; fileEncoding = 4; lastKnownFileType = sourcecode.c.h; path = LZImageBrowserMainView.h; sourceTree = "<group>"; };
		A279F740229CCC0C003FAC27 /* LZImageBrowserMainView.m */ = {isa = PBXFileReference; fileEncoding = 4; lastKnownFileType = sourcecode.c.objc; path = LZImageBrowserMainView.m; sourceTree = "<group>"; };
		A279F741229CCC0C003FAC27 /* LZImageBrowserManger.h */ = {isa = PBXFileReference; fileEncoding = 4; lastKnownFileType = sourcecode.c.h; path = LZImageBrowserManger.h; sourceTree = "<group>"; };
		A279F742229CCC0C003FAC27 /* LZImageBrowserManger.m */ = {isa = PBXFileReference; fileEncoding = 4; lastKnownFileType = sourcecode.c.objc; path = LZImageBrowserManger.m; sourceTree = "<group>"; };
		A279F743229CCC0C003FAC27 /* LZImageBrowserModel.h */ = {isa = PBXFileReference; fileEncoding = 4; lastKnownFileType = sourcecode.c.h; path = LZImageBrowserModel.h; sourceTree = "<group>"; };
		A279F744229CCC0C003FAC27 /* LZImageBrowserModel.m */ = {isa = PBXFileReference; fileEncoding = 4; lastKnownFileType = sourcecode.c.objc; path = LZImageBrowserModel.m; sourceTree = "<group>"; };
		A279F745229CCC0C003FAC27 /* LZImageBrowserSubView.h */ = {isa = PBXFileReference; fileEncoding = 4; lastKnownFileType = sourcecode.c.h; path = LZImageBrowserSubView.h; sourceTree = "<group>"; };
		A279F746229CCC0C003FAC27 /* LZImageBrowserSubView.m */ = {isa = PBXFileReference; fileEncoding = 4; lastKnownFileType = sourcecode.c.objc; path = LZImageBrowserSubView.m; sourceTree = "<group>"; };
		A279F747229CCC0C003FAC27 /* LZImageBrowserTranslation.h */ = {isa = PBXFileReference; fileEncoding = 4; lastKnownFileType = sourcecode.c.h; path = LZImageBrowserTranslation.h; sourceTree = "<group>"; };
		A279F748229CCC0C003FAC27 /* LZImageBrowserTranslation.m */ = {isa = PBXFileReference; fileEncoding = 4; lastKnownFileType = sourcecode.c.objc; path = LZImageBrowserTranslation.m; sourceTree = "<group>"; };
		A279F749229CCC0C003FAC27 /* LZImageBrowserViewController.h */ = {isa = PBXFileReference; fileEncoding = 4; lastKnownFileType = sourcecode.c.h; path = LZImageBrowserViewController.h; sourceTree = "<group>"; };
		A279F74A229CCC0C003FAC27 /* LZImageBrowserViewController.m */ = {isa = PBXFileReference; fileEncoding = 4; lastKnownFileType = sourcecode.c.objc; path = LZImageBrowserViewController.m; sourceTree = "<group>"; };
		A279F768229CCC35003FAC27 /* ViewController.h */ = {isa = PBXFileReference; fileEncoding = 4; lastKnownFileType = sourcecode.c.h; path = ViewController.h; sourceTree = "<group>"; };
		A279F76A229CCC36003FAC27 /* ViewController.m */ = {isa = PBXFileReference; fileEncoding = 4; lastKnownFileType = sourcecode.c.objc; path = ViewController.m; sourceTree = "<group>"; };
		A27E59EA22A907EB00DF379E /* BaseTableViewCell.h */ = {isa = PBXFileReference; lastKnownFileType = sourcecode.c.h; path = BaseTableViewCell.h; sourceTree = "<group>"; };
		A27E59EB22A907EB00DF379E /* BaseTableViewCell.m */ = {isa = PBXFileReference; lastKnownFileType = sourcecode.c.objc; path = BaseTableViewCell.m; sourceTree = "<group>"; };
		A27E59EC22A907EB00DF379E /* BaseTableViewCell.xib */ = {isa = PBXFileReference; lastKnownFileType = file.xib; path = BaseTableViewCell.xib; sourceTree = "<group>"; };
		A29F0BE622B781520076B108 /* SIMInfoViewController.h */ = {isa = PBXFileReference; lastKnownFileType = sourcecode.c.h; path = SIMInfoViewController.h; sourceTree = "<group>"; };
		A29F0BE722B781520076B108 /* SIMInfoViewController.m */ = {isa = PBXFileReference; lastKnownFileType = sourcecode.c.objc; path = SIMInfoViewController.m; sourceTree = "<group>"; };
		A29F0BE822B781520076B108 /* SIMInfoViewController.xib */ = {isa = PBXFileReference; lastKnownFileType = file.xib; path = SIMInfoViewController.xib; sourceTree = "<group>"; };
		A2BCFA3122A8E728004AD109 /* FaceAnalyzeViewController.h */ = {isa = PBXFileReference; lastKnownFileType = sourcecode.c.h; path = FaceAnalyzeViewController.h; sourceTree = "<group>"; };
		A2BCFA3222A8E728004AD109 /* FaceAnalyzeViewController.m */ = {isa = PBXFileReference; lastKnownFileType = sourcecode.c.objc; path = FaceAnalyzeViewController.m; sourceTree = "<group>"; };
		A2BCFA3322A8E728004AD109 /* FaceAnalyzeViewController.xib */ = {isa = PBXFileReference; lastKnownFileType = file.xib; path = FaceAnalyzeViewController.xib; sourceTree = "<group>"; };
		A2BCFA3622A8EAD3004AD109 /* CoreImage.framework */ = {isa = PBXFileReference; lastKnownFileType = wrapper.framework; name = CoreImage.framework; path = System/Library/Frameworks/CoreImage.framework; sourceTree = SDKROOT; };
		A2BCFA3822A8F4B9004AD109 /* UIImage+fixOrientation.h */ = {isa = PBXFileReference; lastKnownFileType = sourcecode.c.h; path = "UIImage+fixOrientation.h"; sourceTree = "<group>"; };
		A2BCFA3922A8F4B9004AD109 /* UIImage+fixOrientation.m */ = {isa = PBXFileReference; lastKnownFileType = sourcecode.c.objc; path = "UIImage+fixOrientation.m"; sourceTree = "<group>"; };
		A2C83462229FB4D6005DB6DF /* FBSDKCoreKit.framework */ = {isa = PBXFileReference; lastKnownFileType = wrapper.framework; path = FBSDKCoreKit.framework; sourceTree = "<group>"; };
		A2C83463229FB4D6005DB6DF /* FBSDKLoginKit.framework */ = {isa = PBXFileReference; lastKnownFileType = wrapper.framework; path = FBSDKLoginKit.framework; sourceTree = "<group>"; };
		A2C83466229FBB6A005DB6DF /* AccountKit.framework */ = {isa = PBXFileReference; lastKnownFileType = wrapper.framework; path = AccountKit.framework; sourceTree = "<group>"; };
		A2CD6EC422B79099001E741C /* Security.framework */ = {isa = PBXFileReference; lastKnownFileType = wrapper.framework; name = Security.framework; path = System/Library/Frameworks/Security.framework; sourceTree = SDKROOT; };
		A2CD6EC622B7A492001E741C /* HealthViewController.h */ = {isa = PBXFileReference; lastKnownFileType = sourcecode.c.h; path = HealthViewController.h; sourceTree = "<group>"; };
		A2CD6EC722B7A492001E741C /* HealthViewController.m */ = {isa = PBXFileReference; lastKnownFileType = sourcecode.c.objc; path = HealthViewController.m; sourceTree = "<group>"; };
		A2CD6EC822B7A492001E741C /* HealthViewController.xib */ = {isa = PBXFileReference; lastKnownFileType = file.xib; path = HealthViewController.xib; sourceTree = "<group>"; };
		A2CD6ECB22B7A49D001E741C /* PhotosFrameworkUsage.entitlements */ = {isa = PBXFileReference; lastKnownFileType = text.plist.entitlements; path = PhotosFrameworkUsage.entitlements; sourceTree = "<group>"; };
		A2DC1C7122B8CB9600C2CD22 /* UILabel+JumpNumber.h */ = {isa = PBXFileReference; lastKnownFileType = sourcecode.c.h; path = "UILabel+JumpNumber.h"; sourceTree = "<group>"; };
		A2DC1C7222B8CB9600C2CD22 /* UILabel+JumpNumber.m */ = {isa = PBXFileReference; lastKnownFileType = sourcecode.c.objc; path = "UILabel+JumpNumber.m"; sourceTree = "<group>"; };
		A2E5F0F422A0C27000876A89 /* AVFoundation.framework */ = {isa = PBXFileReference; lastKnownFileType = wrapper.framework; name = AVFoundation.framework; path = System/Library/Frameworks/AVFoundation.framework; sourceTree = SDKROOT; };
		A2E5F0F722A0CAAC00876A89 /* PrefixHeader.pch */ = {isa = PBXFileReference; lastKnownFileType = sourcecode.c.h; path = PrefixHeader.pch; sourceTree = "<group>"; };
		A2F4BD6E22A8C611001978E5 /* CoreTelephony.framework */ = {isa = PBXFileReference; lastKnownFileType = wrapper.framework; name = CoreTelephony.framework; path = System/Library/Frameworks/CoreTelephony.framework; sourceTree = SDKROOT; };
		A2FEDFFE22A50C540009B52B /* LocalAuthentication.framework */ = {isa = PBXFileReference; lastKnownFileType = wrapper.framework; name = LocalAuthentication.framework; path = System/Library/Frameworks/LocalAuthentication.framework; sourceTree = SDKROOT; };
		A2FEE00022A51AB40009B52B /* JavaScriptCore.framework */ = {isa = PBXFileReference; lastKnownFileType = wrapper.framework; name = JavaScriptCore.framework; path = System/Library/Frameworks/JavaScriptCore.framework; sourceTree = SDKROOT; };
		BBCA052C9F19569B3FB183A2 /* Pods-PhotosFrameworkUsage.debug.xcconfig */ = {isa = PBXFileReference; includeInIndex = 1; lastKnownFileType = text.xcconfig; name = "Pods-PhotosFrameworkUsage.debug.xcconfig"; path = "Pods/Target Support Files/Pods-PhotosFrameworkUsage/Pods-PhotosFrameworkUsage.debug.xcconfig"; sourceTree = "<group>"; };
		E6315E7022B91352006208E6 /* ZLNumberScrollView.h */ = {isa = PBXFileReference; lastKnownFileType = sourcecode.c.h; path = ZLNumberScrollView.h; sourceTree = "<group>"; };
		E6315E7122B91352006208E6 /* ZLNumberScrollView.m */ = {isa = PBXFileReference; lastKnownFileType = sourcecode.c.objc; path = ZLNumberScrollView.m; sourceTree = "<group>"; };
		E6D0418D22B91542003DF664 /* NumberCollectionViewCell.h */ = {isa = PBXFileReference; lastKnownFileType = sourcecode.c.h; path = NumberCollectionViewCell.h; sourceTree = "<group>"; };
		E6D0418E22B91542003DF664 /* NumberCollectionViewCell.m */ = {isa = PBXFileReference; lastKnownFileType = sourcecode.c.objc; path = NumberCollectionViewCell.m; sourceTree = "<group>"; };
		E6D0418F22B91542003DF664 /* NumberCollectionViewCell.xib */ = {isa = PBXFileReference; lastKnownFileType = file.xib; path = NumberCollectionViewCell.xib; sourceTree = "<group>"; };
/* End PBXFileReference section */

/* Begin PBXFrameworksBuildPhase section */
		A279F71F229CCB9B003FAC27 /* Frameworks */ = {
			isa = PBXFrameworksBuildPhase;
			buildActionMask = 2147483647;
			files = (
				A2CD6EC522B79099001E741C /* Security.framework in Frameworks */,
				A238D94E22A9220B002F3641 /* Speech.framework in Frameworks */,
				A2BCFA3722A8EAD3004AD109 /* CoreImage.framework in Frameworks */,
				A2F4BD6F22A8C611001978E5 /* CoreTelephony.framework in Frameworks */,
				A2FEE00122A51AB40009B52B /* JavaScriptCore.framework in Frameworks */,
				A2FEDFFF22A50C540009B52B /* LocalAuthentication.framework in Frameworks */,
				A2414F0122A4B579006A61CA /* CoreGraphics.framework in Frameworks */,
				A238B0BE22A11FAE001D143C /* MessageUI.framework in Frameworks */,
				A2E5F0F522A0C27000876A89 /* AVFoundation.framework in Frameworks */,
				A24A8DFA229F7377005306E9 /* ContactsUI.framework in Frameworks */,
				A2C83464229FB4D6005DB6DF /* FBSDKCoreKit.framework in Frameworks */,
				A2C83465229FB4D6005DB6DF /* FBSDKLoginKit.framework in Frameworks */,
				A2C83467229FBB6A005DB6DF /* AccountKit.framework in Frameworks */,
				A24A8DF8229F7328005306E9 /* Contacts.framework in Frameworks */,
				B11E3DC7CDE6D625AFA6A0F1 /* libPods-PhotosFrameworkUsage.a in Frameworks */,
			);
			runOnlyForDeploymentPostprocessing = 0;
		};
/* End PBXFrameworksBuildPhase section */

/* Begin PBXGroup section */
		5E556BCC37BE0110E900E540 /* Frameworks */ = {
			isa = PBXGroup;
			children = (
				A2CD6EC422B79099001E741C /* Security.framework */,
				A238D94D22A9220B002F3641 /* Speech.framework */,
				A2BCFA3622A8EAD3004AD109 /* CoreImage.framework */,
				A2F4BD6E22A8C611001978E5 /* CoreTelephony.framework */,
				A2FEE00022A51AB40009B52B /* JavaScriptCore.framework */,
				A2FEDFFE22A50C540009B52B /* LocalAuthentication.framework */,
				A2414F0022A4B579006A61CA /* CoreGraphics.framework */,
				A238B0BD22A11FAE001D143C /* MessageUI.framework */,
				A2E5F0F422A0C27000876A89 /* AVFoundation.framework */,
				A24A8DF9229F7377005306E9 /* ContactsUI.framework */,
				A24A8DF7229F7328005306E9 /* Contacts.framework */,
				7F45DA5A71F4E24256E35FD9 /* libPods-PhotosFrameworkUsage.a */,
			);
			name = Frameworks;
			sourceTree = "<group>";
		};
		6FC164224DA6B8264D68C401 /* Pods */ = {
			isa = PBXGroup;
			children = (
				BBCA052C9F19569B3FB183A2 /* Pods-PhotosFrameworkUsage.debug.xcconfig */,
				7B3F4E2AE4392DAA3D2980A2 /* Pods-PhotosFrameworkUsage.release.xcconfig */,
			);
			name = Pods;
			sourceTree = "<group>";
		};
		A20C2A6722ADF79D00F57347 /* Resource */ = {
			isa = PBXGroup;
			children = (
				A20C2A6822ADF79D00F57347 /* 录音.m4a */,
			);
			path = Resource;
			sourceTree = "<group>";
		};
		A231236C22A7C98C00C2559C /* QQModule */ = {
			isa = PBXGroup;
			children = (
				A231236D22A7C98C00C2559C /* Categories */,
				A231236E22A7C98C00C2559C /* Home */,
				A231237222A7C98C00C2559C /* Login */,
				A231237622A7C98C00C2559C /* Main */,
				A231237B22A7C98C00C2559C /* Thirdparty */,
			);
			path = QQModule;
			sourceTree = "<group>";
		};
		A231236D22A7C98C00C2559C /* Categories */ = {
			isa = PBXGroup;
			children = (
			);
			path = Categories;
			sourceTree = "<group>";
		};
		A231236E22A7C98C00C2559C /* Home */ = {
			isa = PBXGroup;
			children = (
				A231236F22A7C98C00C2559C /* Controller */,
				A231237022A7C98C00C2559C /* Model */,
				A231237122A7C98C00C2559C /* View */,
			);
			path = Home;
			sourceTree = "<group>";
		};
		A231236F22A7C98C00C2559C /* Controller */ = {
			isa = PBXGroup;
			children = (
			);
			path = Controller;
			sourceTree = "<group>";
		};
		A231237022A7C98C00C2559C /* Model */ = {
			isa = PBXGroup;
			children = (
			);
			path = Model;
			sourceTree = "<group>";
		};
		A231237122A7C98C00C2559C /* View */ = {
			isa = PBXGroup;
			children = (
			);
			path = View;
			sourceTree = "<group>";
		};
		A231237222A7C98C00C2559C /* Login */ = {
			isa = PBXGroup;
			children = (
				A231237322A7C98C00C2559C /* Controller */,
				A231237422A7C98C00C2559C /* Model */,
				A231237522A7C98C00C2559C /* View */,
			);
			path = Login;
			sourceTree = "<group>";
		};
		A231237322A7C98C00C2559C /* Controller */ = {
			isa = PBXGroup;
			children = (
				A23123EF22A7CB8900C2559C /* QQLoginViewController.h */,
				A23123F022A7CB8900C2559C /* QQLoginViewController.m */,
				A23123F122A7CB8900C2559C /* QQLoginViewController.xib */,
			);
			path = Controller;
			sourceTree = "<group>";
		};
		A231237422A7C98C00C2559C /* Model */ = {
			isa = PBXGroup;
			children = (
			);
			path = Model;
			sourceTree = "<group>";
		};
		A231237522A7C98C00C2559C /* View */ = {
			isa = PBXGroup;
			children = (
			);
			path = View;
			sourceTree = "<group>";
		};
		A231237622A7C98C00C2559C /* Main */ = {
			isa = PBXGroup;
			children = (
				A231237722A7C98C00C2559C /* Controller */,
				A231237822A7C98C00C2559C /* Model */,
				A231237922A7C98C00C2559C /* Tools */,
				A231237A22A7C98C00C2559C /* View */,
			);
			path = Main;
			sourceTree = "<group>";
		};
		A231237722A7C98C00C2559C /* Controller */ = {
			isa = PBXGroup;
			children = (
				A23123DF22A7CB0800C2559C /* QQNavigationController.h */,
				A23123E022A7CB0800C2559C /* QQNavigationController.m */,
				A23123E222A7CB3400C2559C /* QQTabBarController.h */,
				A23123E322A7CB3400C2559C /* QQTabBarController.m */,
				A23123EA22A7CB7900C2559C /* QQBaseViewController.h */,
				A23123EB22A7CB7900C2559C /* QQBaseViewController.m */,
				A23123EC22A7CB7900C2559C /* QQBaseViewController.xib */,
			);
			path = Controller;
			sourceTree = "<group>";
		};
		A231237822A7C98C00C2559C /* Model */ = {
			isa = PBXGroup;
			children = (
			);
			path = Model;
			sourceTree = "<group>";
		};
		A231237922A7C98C00C2559C /* Tools */ = {
			isa = PBXGroup;
			children = (
			);
			path = Tools;
			sourceTree = "<group>";
		};
		A231237A22A7C98C00C2559C /* View */ = {
			isa = PBXGroup;
			children = (
			);
			path = View;
			sourceTree = "<group>";
		};
		A231237B22A7C98C00C2559C /* Thirdparty */ = {
			isa = PBXGroup;
			children = (
			);
			path = Thirdparty;
			sourceTree = "<group>";
		};
		A231237C22A7C9FB00C2559C /* FrameworkTestModule */ = {
			isa = PBXGroup;
			children = (
				A231237D22A7C9FB00C2559C /* AlbumViewController.h */,
				A231237E22A7C9FB00C2559C /* AlbumViewController.m */,
				A231237F22A7C9FB00C2559C /* AlbumViewController.xib */,
				A231238022A7C9FB00C2559C /* AudioListViewController.h */,
				A231238122A7C9FB00C2559C /* AudioListViewController.m */,
				A231238222A7C9FB00C2559C /* AudioListViewController.xib */,
				A231238322A7C9FB00C2559C /* AudioRecorderViewController.h */,
				A231238422A7C9FB00C2559C /* AudioRecorderViewController.m */,
				A231238522A7C9FB00C2559C /* AudioRecorderViewController.xib */,
				A231238622A7C9FB00C2559C /* BaseViewController.h */,
				A231238722A7C9FB00C2559C /* BaseViewController.m */,
				A231238822A7C9FB00C2559C /* BaseViewController.xib */,
				A231238922A7C9FB00C2559C /* ContactsViewController.h */,
				A231238A22A7C9FB00C2559C /* ContactsViewController.m */,
				A231238B22A7C9FB00C2559C /* ContactsViewController.xib */,
				A231238C22A7C9FB00C2559C /* FileUploadTool.h */,
				A231238D22A7C9FB00C2559C /* FileUploadTool.m */,
				A231238E22A7C9FB00C2559C /* HttpTool.h */,
				A231238F22A7C9FB00C2559C /* HttpTool.m */,
				A231239022A7C9FB00C2559C /* MediaViewController.h */,
				A231239122A7C9FB00C2559C /* MediaViewController.m */,
				A231239222A7C9FB00C2559C /* MediaViewController.xib */,
				A2BCFA3122A8E728004AD109 /* FaceAnalyzeViewController.h */,
				A2BCFA3222A8E728004AD109 /* FaceAnalyzeViewController.m */,
				A2BCFA3322A8E728004AD109 /* FaceAnalyzeViewController.xib */,
				A231239322A7C9FB00C2559C /* OCAndJS.html */,
				A231239422A7C9FB00C2559C /* OCAndJSViewController.h */,
				A231239522A7C9FB00C2559C /* OCAndJSViewController.m */,
				A231239622A7C9FB00C2559C /* OCAndJSViewController.xib */,
				A231239722A7C9FB00C2559C /* OtherLoginViewController.h */,
				A231239822A7C9FB00C2559C /* OtherLoginViewController.m */,
				A231239922A7C9FB00C2559C /* OtherLoginViewController.xib */,
				A231239A22A7C9FB00C2559C /* PhotoBrowserViewController.h */,
				A231239B22A7C9FB00C2559C /* PhotoBrowserViewController.m */,
				A231239C22A7C9FB00C2559C /* PhotoBrowserViewController.xib */,
				A231239D22A7C9FB00C2559C /* PhotoCollectionViewCell.h */,
				A231239E22A7C9FB00C2559C /* PhotoCollectionViewCell.m */,
				A231239F22A7C9FB00C2559C /* PhotosViewController.h */,
				A23123A022A7C9FB00C2559C /* PhotosViewController.m */,
				A23123A122A7C9FB00C2559C /* PhotosViewController.xib */,
				A23123A222A7C9FB00C2559C /* PlayerLayerViewController.h */,
				A23123A322A7C9FB00C2559C /* PlayerLayerViewController.m */,
				A23123A422A7C9FB00C2559C /* PlayerLayerViewController.xib */,
				A23123A522A7C9FB00C2559C /* QrCodeGeneratorViewController.h */,
				A23123A622A7C9FB00C2559C /* QrCodeGeneratorViewController.m */,
				A23123A722A7C9FB00C2559C /* QrCodeGeneratorViewController.xib */,
				A23123A822A7C9FB00C2559C /* QrCodeReaderViewController.h */,
				A23123A922A7C9FB00C2559C /* QrCodeReaderViewController.m */,
				A23123AA22A7C9FB00C2559C /* QrCodeReaderViewController.xib */,
				A23123AB22A7C9FB00C2559C /* QRScanView.h */,
				A23123AC22A7C9FB00C2559C /* QRScanView.m */,
				A23123AD22A7C9FB00C2559C /* SystemShareViewController.h */,
				A23123AE22A7C9FB00C2559C /* SystemShareViewController.m */,
				A23123AF22A7C9FB00C2559C /* SystemShareViewController.xib */,
				A23123B022A7C9FB00C2559C /* UrlTestListViewController.h */,
				A23123B122A7C9FB00C2559C /* UrlTestListViewController.m */,
				A23123B222A7C9FB00C2559C /* UrlTestListViewController.xib */,
				A23123B322A7C9FB00C2559C /* ZLVideoModel.h */,
				A23123B422A7C9FB00C2559C /* ZLVideoModel.m */,
				A2BCFA3822A8F4B9004AD109 /* UIImage+fixOrientation.h */,
				A2BCFA3922A8F4B9004AD109 /* UIImage+fixOrientation.m */,
				A27E59EA22A907EB00DF379E /* BaseTableViewCell.h */,
				A27E59EB22A907EB00DF379E /* BaseTableViewCell.m */,
				A27E59EC22A907EB00DF379E /* BaseTableViewCell.xib */,
				A238D94222A90E7F002F3641 /* MenuLabel.h */,
				A238D94322A90E7F002F3641 /* MenuLabel.m */,
				A238D94522A90F23002F3641 /* TestBaseView.h */,
				A238D94622A90F23002F3641 /* TestBaseView.m */,
				A238D94822A92173002F3641 /* SpeechRecognitionViewController.h */,
				A238D94922A92173002F3641 /* SpeechRecognitionViewController.m */,
				A238D94A22A92173002F3641 /* SpeechRecognitionViewController.xib */,
				A270D7AD22AE3D9A009B61AC /* NSString+Base64.h */,
				A270D7AE22AE3D9A009B61AC /* NSString+Base64.m */,
				A29F0BE622B781520076B108 /* SIMInfoViewController.h */,
				A29F0BE722B781520076B108 /* SIMInfoViewController.m */,
				A29F0BE822B781520076B108 /* SIMInfoViewController.xib */,
				A2CD6EC622B7A492001E741C /* HealthViewController.h */,
				A2CD6EC722B7A492001E741C /* HealthViewController.m */,
				A2CD6EC822B7A492001E741C /* HealthViewController.xib */,
				A2DC1C7122B8CB9600C2CD22 /* UILabel+JumpNumber.h */,
				A2DC1C7222B8CB9600C2CD22 /* UILabel+JumpNumber.m */,
				A247DE8D22B8CD770086FB0C /* NumberScrollViewController.h */,
				A247DE8E22B8CD770086FB0C /* NumberScrollViewController.m */,
				A247DE8F22B8CD770086FB0C /* NumberScrollViewController.xib */,
				A21AADCF22B8DA4E00E5B902 /* ZLNumberScrollAnimationView.h */,
				A21AADD022B8DA4E00E5B902 /* ZLNumberScrollAnimationView.m */,
				E6315E7022B91352006208E6 /* ZLNumberScrollView.h */,
				E6315E7122B91352006208E6 /* ZLNumberScrollView.m */,
				E6D0418D22B91542003DF664 /* NumberCollectionViewCell.h */,
				E6D0418E22B91542003DF664 /* NumberCollectionViewCell.m */,
				E6D0418F22B91542003DF664 /* NumberCollectionViewCell.xib */,
			);
			path = FrameworkTestModule;
			sourceTree = "<group>";
		};
		A279F719229CCB9B003FAC27 = {
			isa = PBXGroup;
			children = (
				A279F724229CCB9B003FAC27 /* PhotosFrameworkUsage */,
				A279F723229CCB9B003FAC27 /* Products */,
				6FC164224DA6B8264D68C401 /* Pods */,
				5E556BCC37BE0110E900E540 /* Frameworks */,
			);
			sourceTree = "<group>";
		};
		A279F723229CCB9B003FAC27 /* Products */ = {
			isa = PBXGroup;
			children = (
				A279F722229CCB9B003FAC27 /* PhotosFrameworkUsage.app */,
			);
			name = Products;
			sourceTree = "<group>";
		};
		A279F724229CCB9B003FAC27 /* PhotosFrameworkUsage */ = {
			isa = PBXGroup;
			children = (
				A2CD6ECB22B7A49D001E741C /* PhotosFrameworkUsage.entitlements */,
				A20C2A6722ADF79D00F57347 /* Resource */,
				A231237C22A7C9FB00C2559C /* FrameworkTestModule */,
				A231236C22A7C98C00C2559C /* QQModule */,
				A2C83461229FB0DD005DB6DF /* Frameworks */,
				A279F73B229CCC0C003FAC27 /* LZImageBrowser */,
				A279F725229CCB9B003FAC27 /* AppDelegate.h */,
				A279F726229CCB9B003FAC27 /* AppDelegate.m */,
				A279F768229CCC35003FAC27 /* ViewController.h */,
				A279F76A229CCC36003FAC27 /* ViewController.m */,
				A279F72E229CCB9D003FAC27 /* Assets.xcassets */,
				A279F72B229CCB9B003FAC27 /* Main.storyboard */,
				A279F730229CCB9D003FAC27 /* LaunchScreen.storyboard */,
				A279F733229CCB9D003FAC27 /* Info.plist */,
				A279F734229CCB9D003FAC27 /* main.m */,
				A2E5F0F722A0CAAC00876A89 /* PrefixHeader.pch */,
			);
			path = PhotosFrameworkUsage;
			sourceTree = "<group>";
		};
		A279F73B229CCC0C003FAC27 /* LZImageBrowser */ = {
			isa = PBXGroup;
			children = (
				A279F73C229CCC0C003FAC27 /* LZImageBrowserForceTouchViewController.h */,
				A279F73D229CCC0C003FAC27 /* LZImageBrowserForceTouchViewController.m */,
				A279F73E229CCC0C003FAC27 /* LZImageBrowserHeader.h */,
				A279F73F229CCC0C003FAC27 /* LZImageBrowserMainView.h */,
				A279F740229CCC0C003FAC27 /* LZImageBrowserMainView.m */,
				A279F741229CCC0C003FAC27 /* LZImageBrowserManger.h */,
				A279F742229CCC0C003FAC27 /* LZImageBrowserManger.m */,
				A279F743229CCC0C003FAC27 /* LZImageBrowserModel.h */,
				A279F744229CCC0C003FAC27 /* LZImageBrowserModel.m */,
				A279F745229CCC0C003FAC27 /* LZImageBrowserSubView.h */,
				A279F746229CCC0C003FAC27 /* LZImageBrowserSubView.m */,
				A279F747229CCC0C003FAC27 /* LZImageBrowserTranslation.h */,
				A279F748229CCC0C003FAC27 /* LZImageBrowserTranslation.m */,
				A279F749229CCC0C003FAC27 /* LZImageBrowserViewController.h */,
				A279F74A229CCC0C003FAC27 /* LZImageBrowserViewController.m */,
			);
			path = LZImageBrowser;
			sourceTree = "<group>";
		};
		A2C83461229FB0DD005DB6DF /* Frameworks */ = {
			isa = PBXGroup;
			children = (
				A2C83466229FBB6A005DB6DF /* AccountKit.framework */,
				A2C83462229FB4D6005DB6DF /* FBSDKCoreKit.framework */,
				A2C83463229FB4D6005DB6DF /* FBSDKLoginKit.framework */,
			);
			path = Frameworks;
			sourceTree = "<group>";
		};
/* End PBXGroup section */

/* Begin PBXNativeTarget section */
		A279F721229CCB9B003FAC27 /* PhotosFrameworkUsage */ = {
			isa = PBXNativeTarget;
			buildConfigurationList = A279F738229CCB9D003FAC27 /* Build configuration list for PBXNativeTarget "PhotosFrameworkUsage" */;
			buildPhases = (
				0888A002FA25E1C83DE1580D /* [CP] Check Pods Manifest.lock */,
				A279F71E229CCB9B003FAC27 /* Sources */,
				A279F71F229CCB9B003FAC27 /* Frameworks */,
				A279F720229CCB9B003FAC27 /* Resources */,
				7CF607BD630662F90C937444 /* [CP] Copy Pods Resources */,
			);
			buildRules = (
			);
			dependencies = (
			);
			name = PhotosFrameworkUsage;
			productName = PhotosFrameworkUsage;
			productReference = A279F722229CCB9B003FAC27 /* PhotosFrameworkUsage.app */;
			productType = "com.apple.product-type.application";
		};
/* End PBXNativeTarget section */

/* Begin PBXProject section */
		A279F71A229CCB9B003FAC27 /* Project object */ = {
			isa = PBXProject;
			attributes = {
				LastUpgradeCheck = 1010;
				ORGANIZATIONNAME = hongyegroup;
				TargetAttributes = {
					A279F721229CCB9B003FAC27 = {
						CreatedOnToolsVersion = 10.1;
						SystemCapabilities = {
							com.apple.HealthKit = {
								enabled = 0;
							};
						};
					};
				};
			};
			buildConfigurationList = A279F71D229CCB9B003FAC27 /* Build configuration list for PBXProject "PhotosFrameworkUsage" */;
			compatibilityVersion = "Xcode 9.3";
			developmentRegion = en;
			hasScannedForEncodings = 0;
			knownRegions = (
				en,
				Base,
			);
			mainGroup = A279F719229CCB9B003FAC27;
			productRefGroup = A279F723229CCB9B003FAC27 /* Products */;
			projectDirPath = "";
			projectRoot = "";
			targets = (
				A279F721229CCB9B003FAC27 /* PhotosFrameworkUsage */,
			);
		};
/* End PBXProject section */

/* Begin PBXResourcesBuildPhase section */
		A279F720229CCB9B003FAC27 /* Resources */ = {
			isa = PBXResourcesBuildPhase;
			buildActionMask = 2147483647;
			files = (
				A20C2A6922ADF79D00F57347 /* 录音.m4a in Resources */,
				A23123B822A7C9FB00C2559C /* AudioListViewController.xib in Resources */,
				A23123BE22A7C9FB00C2559C /* ContactsViewController.xib in Resources */,
				A23123D722A7C9FB00C2559C /* UrlTestListViewController.xib in Resources */,
				A23123D022A7C9FB00C2559C /* QrCodeGeneratorViewController.xib in Resources */,
				A238D94C22A92173002F3641 /* SpeechRecognitionViewController.xib in Resources */,
				A247DE9122B8CD770086FB0C /* NumberScrollViewController.xib in Resources */,
				A23123C522A7C9FB00C2559C /* OCAndJSViewController.xib in Resources */,
				A23123C922A7C9FB00C2559C /* PhotoBrowserViewController.xib in Resources */,
				A2BCFA3522A8E728004AD109 /* FaceAnalyzeViewController.xib in Resources */,
				A23123BA22A7C9FB00C2559C /* AudioRecorderViewController.xib in Resources */,
				A23123B622A7C9FB00C2559C /* AlbumViewController.xib in Resources */,
				A279F732229CCB9D003FAC27 /* LaunchScreen.storyboard in Resources */,
				E6D0419122B91542003DF664 /* NumberCollectionViewCell.xib in Resources */,
				A23123EE22A7CB7900C2559C /* QQBaseViewController.xib in Resources */,
				A279F72F229CCB9D003FAC27 /* Assets.xcassets in Resources */,
				A2CD6ECA22B7A492001E741C /* HealthViewController.xib in Resources */,
				A23123C722A7C9FB00C2559C /* OtherLoginViewController.xib in Resources */,
				A27E59EE22A907EB00DF379E /* BaseTableViewCell.xib in Resources */,
				A23123D222A7C9FB00C2559C /* QrCodeReaderViewController.xib in Resources */,
				A23123CE22A7C9FB00C2559C /* PlayerLayerViewController.xib in Resources */,
				A23123C222A7C9FB00C2559C /* MediaViewController.xib in Resources */,
				A23123C322A7C9FB00C2559C /* OCAndJS.html in Resources */,
				A23123CC22A7C9FB00C2559C /* PhotosViewController.xib in Resources */,
				A23123D522A7C9FB00C2559C /* SystemShareViewController.xib in Resources */,
				A29F0BEA22B781520076B108 /* SIMInfoViewController.xib in Resources */,
				A23123F322A7CB8900C2559C /* QQLoginViewController.xib in Resources */,
				A23123BC22A7C9FB00C2559C /* BaseViewController.xib in Resources */,
				A279F72D229CCB9B003FAC27 /* Main.storyboard in Resources */,
			);
			runOnlyForDeploymentPostprocessing = 0;
		};
/* End PBXResourcesBuildPhase section */

/* Begin PBXShellScriptBuildPhase section */
		0888A002FA25E1C83DE1580D /* [CP] Check Pods Manifest.lock */ = {
			isa = PBXShellScriptBuildPhase;
			buildActionMask = 2147483647;
			files = (
			);
			inputFileListPaths = (
			);
			inputPaths = (
				"${PODS_PODFILE_DIR_PATH}/Podfile.lock",
				"${PODS_ROOT}/Manifest.lock",
			);
			name = "[CP] Check Pods Manifest.lock";
			outputFileListPaths = (
			);
			outputPaths = (
				"$(DERIVED_FILE_DIR)/Pods-PhotosFrameworkUsage-checkManifestLockResult.txt",
			);
			runOnlyForDeploymentPostprocessing = 0;
			shellPath = /bin/sh;
			shellScript = "diff \"${PODS_PODFILE_DIR_PATH}/Podfile.lock\" \"${PODS_ROOT}/Manifest.lock\" > /dev/null\nif [ $? != 0 ] ; then\n    # print error to STDERR\n    echo \"error: The sandbox is not in sync with the Podfile.lock. Run 'pod install' or update your CocoaPods installation.\" >&2\n    exit 1\nfi\n# This output is used by Xcode 'outputs' to avoid re-running this script phase.\necho \"SUCCESS\" > \"${SCRIPT_OUTPUT_FILE_0}\"\n";
			showEnvVarsInLog = 0;
		};
		7CF607BD630662F90C937444 /* [CP] Copy Pods Resources */ = {
			isa = PBXShellScriptBuildPhase;
			buildActionMask = 2147483647;
			files = (
			);
			inputFileListPaths = (
			);
			inputPaths = (
				"${SRCROOT}/Pods/Target Support Files/Pods-PhotosFrameworkUsage/Pods-PhotosFrameworkUsage-resources.sh",
				"${PODS_ROOT}/IQKeyboardManager/IQKeyboardManager/Resources/IQKeyboardManager.bundle",
				"${PODS_ROOT}/MJRefresh/MJRefresh/MJRefresh.bundle",
				"${PODS_ROOT}/PDBotKit/PDBotKit.bundle",
				"${PODS_ROOT}/PDBotKit/zh-Hans.lproj",
				"${PODS_ROOT}/PDBotKit/en.lproj",
			);
			name = "[CP] Copy Pods Resources";
			outputFileListPaths = (
			);
			outputPaths = (
				"${TARGET_BUILD_DIR}/${UNLOCALIZED_RESOURCES_FOLDER_PATH}/IQKeyboardManager.bundle",
				"${TARGET_BUILD_DIR}/${UNLOCALIZED_RESOURCES_FOLDER_PATH}/MJRefresh.bundle",
				"${TARGET_BUILD_DIR}/${UNLOCALIZED_RESOURCES_FOLDER_PATH}/PDBotKit.bundle",
				"${TARGET_BUILD_DIR}/${UNLOCALIZED_RESOURCES_FOLDER_PATH}/zh-Hans.lproj",
				"${TARGET_BUILD_DIR}/${UNLOCALIZED_RESOURCES_FOLDER_PATH}/en.lproj",
			);
			runOnlyForDeploymentPostprocessing = 0;
			shellPath = /bin/sh;
			shellScript = "\"${SRCROOT}/Pods/Target Support Files/Pods-PhotosFrameworkUsage/Pods-PhotosFrameworkUsage-resources.sh\"\n";
			showEnvVarsInLog = 0;
		};
/* End PBXShellScriptBuildPhase section */

/* Begin PBXSourcesBuildPhase section */
		A279F71E229CCB9B003FAC27 /* Sources */ = {
			isa = PBXSourcesBuildPhase;
			buildActionMask = 2147483647;
			files = (
				A23123CF22A7C9FB00C2559C /* QrCodeGeneratorViewController.m in Sources */,
				A23123E422A7CB3400C2559C /* QQTabBarController.m in Sources */,
				A23123D122A7C9FB00C2559C /* QrCodeReaderViewController.m in Sources */,
				A279F74E229CCC0C003FAC27 /* LZImageBrowserModel.m in Sources */,
				A23123F222A7CB8900C2559C /* QQLoginViewController.m in Sources */,
				A23123B722A7C9FB00C2559C /* AudioListViewController.m in Sources */,
				A270D7AF22AE3D9A009B61AC /* NSString+Base64.m in Sources */,
				E6315E7222B91352006208E6 /* ZLNumberScrollView.m in Sources */,
				A2BCFA3A22A8F4B9004AD109 /* UIImage+fixOrientation.m in Sources */,
				A23123C822A7C9FB00C2559C /* PhotoBrowserViewController.m in Sources */,
				A23123D322A7C9FB00C2559C /* QRScanView.m in Sources */,
				A238D94722A90F23002F3641 /* TestBaseView.m in Sources */,
				A23123C022A7C9FB00C2559C /* HttpTool.m in Sources */,
				A279F74B229CCC0C003FAC27 /* LZImageBrowserForceTouchViewController.m in Sources */,
				A238D94B22A92173002F3641 /* SpeechRecognitionViewController.m in Sources */,
				A279F74D229CCC0C003FAC27 /* LZImageBrowserManger.m in Sources */,
				A279F74F229CCC0C003FAC27 /* LZImageBrowserSubView.m in Sources */,
				A247DE9022B8CD770086FB0C /* NumberScrollViewController.m in Sources */,
				A23123ED22A7CB7900C2559C /* QQBaseViewController.m in Sources */,
				A23123BB22A7C9FB00C2559C /* BaseViewController.m in Sources */,
				A23123C622A7C9FB00C2559C /* OtherLoginViewController.m in Sources */,
				A2BCFA3422A8E728004AD109 /* FaceAnalyzeViewController.m in Sources */,
				A279F735229CCB9D003FAC27 /* main.m in Sources */,
				A2DC1C7322B8CB9600C2CD22 /* UILabel+JumpNumber.m in Sources */,
				A23123D622A7C9FB00C2559C /* UrlTestListViewController.m in Sources */,
				A23123C422A7C9FB00C2559C /* OCAndJSViewController.m in Sources */,
				A23123BD22A7C9FB00C2559C /* ContactsViewController.m in Sources */,
				A279F750229CCC0C003FAC27 /* LZImageBrowserTranslation.m in Sources */,
				A23123B922A7C9FB00C2559C /* AudioRecorderViewController.m in Sources */,
				A238D94422A90E7F002F3641 /* MenuLabel.m in Sources */,
				A2CD6EC922B7A492001E741C /* HealthViewController.m in Sources */,
				A279F76C229CCC36003FAC27 /* ViewController.m in Sources */,
				A23123CD22A7C9FB00C2559C /* PlayerLayerViewController.m in Sources */,
				A23123CA22A7C9FB00C2559C /* PhotoCollectionViewCell.m in Sources */,
				A29F0BE922B781520076B108 /* SIMInfoViewController.m in Sources */,
				A23123CB22A7C9FB00C2559C /* PhotosViewController.m in Sources */,
				A21AADD122B8DA4E00E5B902 /* ZLNumberScrollAnimationView.m in Sources */,
				E6D0419022B91542003DF664 /* NumberCollectionViewCell.m in Sources */,
				A279F751229CCC0C003FAC27 /* LZImageBrowserViewController.m in Sources */,
				A27E59ED22A907EB00DF379E /* BaseTableViewCell.m in Sources */,
				A23123C122A7C9FB00C2559C /* MediaViewController.m in Sources */,
				A279F727229CCB9B003FAC27 /* AppDelegate.m in Sources */,
				A23123B522A7C9FB00C2559C /* AlbumViewController.m in Sources */,
				A23123D422A7C9FB00C2559C /* SystemShareViewController.m in Sources */,
				A23123D822A7C9FB00C2559C /* ZLVideoModel.m in Sources */,
				A23123BF22A7C9FB00C2559C /* FileUploadTool.m in Sources */,
				A23123E122A7CB0800C2559C /* QQNavigationController.m in Sources */,
				A279F74C229CCC0C003FAC27 /* LZImageBrowserMainView.m in Sources */,
			);
			runOnlyForDeploymentPostprocessing = 0;
		};
/* End PBXSourcesBuildPhase section */

/* Begin PBXVariantGroup section */
		A279F72B229CCB9B003FAC27 /* Main.storyboard */ = {
			isa = PBXVariantGroup;
			children = (
				A279F72C229CCB9B003FAC27 /* Base */,
			);
			name = Main.storyboard;
			sourceTree = "<group>";
		};
		A279F730229CCB9D003FAC27 /* LaunchScreen.storyboard */ = {
			isa = PBXVariantGroup;
			children = (
				A279F731229CCB9D003FAC27 /* Base */,
			);
			name = LaunchScreen.storyboard;
			sourceTree = "<group>";
		};
/* End PBXVariantGroup section */

/* Begin XCBuildConfiguration section */
		A279F736229CCB9D003FAC27 /* Debug */ = {
			isa = XCBuildConfiguration;
			buildSettings = {
				ALWAYS_SEARCH_USER_PATHS = NO;
				CLANG_ANALYZER_NONNULL = YES;
				CLANG_ANALYZER_NUMBER_OBJECT_CONVERSION = YES_AGGRESSIVE;
				CLANG_CXX_LANGUAGE_STANDARD = "gnu++14";
				CLANG_CXX_LIBRARY = "libc++";
				CLANG_ENABLE_MODULES = YES;
				CLANG_ENABLE_OBJC_ARC = YES;
				CLANG_ENABLE_OBJC_WEAK = YES;
				CLANG_WARN_BLOCK_CAPTURE_AUTORELEASING = YES;
				CLANG_WARN_BOOL_CONVERSION = YES;
				CLANG_WARN_COMMA = YES;
				CLANG_WARN_CONSTANT_CONVERSION = YES;
				CLANG_WARN_DEPRECATED_OBJC_IMPLEMENTATIONS = YES;
				CLANG_WARN_DIRECT_OBJC_ISA_USAGE = YES_ERROR;
				CLANG_WARN_DOCUMENTATION_COMMENTS = YES;
				CLANG_WARN_EMPTY_BODY = YES;
				CLANG_WARN_ENUM_CONVERSION = YES;
				CLANG_WARN_INFINITE_RECURSION = YES;
				CLANG_WARN_INT_CONVERSION = YES;
				CLANG_WARN_NON_LITERAL_NULL_CONVERSION = YES;
				CLANG_WARN_OBJC_IMPLICIT_RETAIN_SELF = YES;
				CLANG_WARN_OBJC_LITERAL_CONVERSION = YES;
				CLANG_WARN_OBJC_ROOT_CLASS = YES_ERROR;
				CLANG_WARN_RANGE_LOOP_ANALYSIS = YES;
				CLANG_WARN_STRICT_PROTOTYPES = YES;
				CLANG_WARN_SUSPICIOUS_MOVE = YES;
				CLANG_WARN_UNGUARDED_AVAILABILITY = YES_AGGRESSIVE;
				CLANG_WARN_UNREACHABLE_CODE = YES;
				CLANG_WARN__DUPLICATE_METHOD_MATCH = YES;
				CODE_SIGN_IDENTITY = "iPhone Developer";
				COPY_PHASE_STRIP = NO;
				DEBUG_INFORMATION_FORMAT = dwarf;
				ENABLE_STRICT_OBJC_MSGSEND = YES;
				ENABLE_TESTABILITY = YES;
				GCC_C_LANGUAGE_STANDARD = gnu11;
				GCC_DYNAMIC_NO_PIC = NO;
				GCC_NO_COMMON_BLOCKS = YES;
				GCC_OPTIMIZATION_LEVEL = 0;
				GCC_PREPROCESSOR_DEFINITIONS = (
					"DEBUG=1",
					"$(inherited)",
				);
				GCC_WARN_64_TO_32_BIT_CONVERSION = YES;
				GCC_WARN_ABOUT_RETURN_TYPE = YES_ERROR;
				GCC_WARN_UNDECLARED_SELECTOR = YES;
				GCC_WARN_UNINITIALIZED_AUTOS = YES_AGGRESSIVE;
				GCC_WARN_UNUSED_FUNCTION = YES;
				GCC_WARN_UNUSED_VARIABLE = YES;
				IPHONEOS_DEPLOYMENT_TARGET = 12.1;
				MTL_ENABLE_DEBUG_INFO = INCLUDE_SOURCE;
				MTL_FAST_MATH = YES;
				ONLY_ACTIVE_ARCH = YES;
				SDKROOT = iphoneos;
			};
			name = Debug;
		};
		A279F737229CCB9D003FAC27 /* Release */ = {
			isa = XCBuildConfiguration;
			buildSettings = {
				ALWAYS_SEARCH_USER_PATHS = NO;
				CLANG_ANALYZER_NONNULL = YES;
				CLANG_ANALYZER_NUMBER_OBJECT_CONVERSION = YES_AGGRESSIVE;
				CLANG_CXX_LANGUAGE_STANDARD = "gnu++14";
				CLANG_CXX_LIBRARY = "libc++";
				CLANG_ENABLE_MODULES = YES;
				CLANG_ENABLE_OBJC_ARC = YES;
				CLANG_ENABLE_OBJC_WEAK = YES;
				CLANG_WARN_BLOCK_CAPTURE_AUTORELEASING = YES;
				CLANG_WARN_BOOL_CONVERSION = YES;
				CLANG_WARN_COMMA = YES;
				CLANG_WARN_CONSTANT_CONVERSION = YES;
				CLANG_WARN_DEPRECATED_OBJC_IMPLEMENTATIONS = YES;
				CLANG_WARN_DIRECT_OBJC_ISA_USAGE = YES_ERROR;
				CLANG_WARN_DOCUMENTATION_COMMENTS = YES;
				CLANG_WARN_EMPTY_BODY = YES;
				CLANG_WARN_ENUM_CONVERSION = YES;
				CLANG_WARN_INFINITE_RECURSION = YES;
				CLANG_WARN_INT_CONVERSION = YES;
				CLANG_WARN_NON_LITERAL_NULL_CONVERSION = YES;
				CLANG_WARN_OBJC_IMPLICIT_RETAIN_SELF = YES;
				CLANG_WARN_OBJC_LITERAL_CONVERSION = YES;
				CLANG_WARN_OBJC_ROOT_CLASS = YES_ERROR;
				CLANG_WARN_RANGE_LOOP_ANALYSIS = YES;
				CLANG_WARN_STRICT_PROTOTYPES = YES;
				CLANG_WARN_SUSPICIOUS_MOVE = YES;
				CLANG_WARN_UNGUARDED_AVAILABILITY = YES_AGGRESSIVE;
				CLANG_WARN_UNREACHABLE_CODE = YES;
				CLANG_WARN__DUPLICATE_METHOD_MATCH = YES;
				CODE_SIGN_IDENTITY = "iPhone Developer";
				COPY_PHASE_STRIP = NO;
				DEBUG_INFORMATION_FORMAT = "dwarf-with-dsym";
				ENABLE_NS_ASSERTIONS = NO;
				ENABLE_STRICT_OBJC_MSGSEND = YES;
				GCC_C_LANGUAGE_STANDARD = gnu11;
				GCC_NO_COMMON_BLOCKS = YES;
				GCC_WARN_64_TO_32_BIT_CONVERSION = YES;
				GCC_WARN_ABOUT_RETURN_TYPE = YES_ERROR;
				GCC_WARN_UNDECLARED_SELECTOR = YES;
				GCC_WARN_UNINITIALIZED_AUTOS = YES_AGGRESSIVE;
				GCC_WARN_UNUSED_FUNCTION = YES;
				GCC_WARN_UNUSED_VARIABLE = YES;
				IPHONEOS_DEPLOYMENT_TARGET = 12.1;
				MTL_ENABLE_DEBUG_INFO = NO;
				MTL_FAST_MATH = YES;
				SDKROOT = iphoneos;
				VALIDATE_PRODUCT = YES;
			};
			name = Release;
		};
		A279F739229CCB9D003FAC27 /* Debug */ = {
			isa = XCBuildConfiguration;
			baseConfigurationReference = BBCA052C9F19569B3FB183A2 /* Pods-PhotosFrameworkUsage.debug.xcconfig */;
			buildSettings = {
				ASSETCATALOG_COMPILER_APPICON_NAME = AppIcon;
				CODE_SIGN_STYLE = Automatic;
				DEVELOPMENT_TEAM = VZ78Z6H4RD;
				FRAMEWORK_SEARCH_PATHS = (
					"$(inherited)",
					"$(PROJECT_DIR)/PhotosFrameworkUsage/Frameworks",
				);
				GCC_PREFIX_HEADER = "$(SRCROOT)/PhotosFrameworkUsage/PrefixHeader.pch";
				INFOPLIST_FILE = PhotosFrameworkUsage/Info.plist;
				IPHONEOS_DEPLOYMENT_TARGET = 9.0;
				LD_RUNPATH_SEARCH_PATHS = (
					"$(inherited)",
					"@executable_path/Frameworks",
				);
				PRODUCT_BUNDLE_IDENTIFIER = com.hongyegroup.PhotosFrameworkUsage;
				PRODUCT_NAME = "$(TARGET_NAME)";
				TARGETED_DEVICE_FAMILY = "1,2";
			};
			name = Debug;
		};
		A279F73A229CCB9D003FAC27 /* Release */ = {
			isa = XCBuildConfiguration;
			baseConfigurationReference = 7B3F4E2AE4392DAA3D2980A2 /* Pods-PhotosFrameworkUsage.release.xcconfig */;
			buildSettings = {
				ASSETCATALOG_COMPILER_APPICON_NAME = AppIcon;
				CODE_SIGN_STYLE = Automatic;
				DEVELOPMENT_TEAM = VZ78Z6H4RD;
				FRAMEWORK_SEARCH_PATHS = (
					"$(inherited)",
					"$(PROJECT_DIR)/PhotosFrameworkUsage/Frameworks",
				);
				GCC_PREFIX_HEADER = "$(SRCROOT)/PhotosFrameworkUsage/PrefixHeader.pch";
				INFOPLIST_FILE = PhotosFrameworkUsage/Info.plist;
				IPHONEOS_DEPLOYMENT_TARGET = 9.0;
				LD_RUNPATH_SEARCH_PATHS = (
					"$(inherited)",
					"@executable_path/Frameworks",
				);
				PRODUCT_BUNDLE_IDENTIFIER = com.hongyegroup.PhotosFrameworkUsage;
				PRODUCT_NAME = "$(TARGET_NAME)";
				TARGETED_DEVICE_FAMILY = "1,2";
			};
			name = Release;
		};
/* End XCBuildConfiguration section */

/* Begin XCConfigurationList section */
		A279F71D229CCB9B003FAC27 /* Build configuration list for PBXProject "PhotosFrameworkUsage" */ = {
			isa = XCConfigurationList;
			buildConfigurations = (
				A279F736229CCB9D003FAC27 /* Debug */,
				A279F737229CCB9D003FAC27 /* Release */,
			);
			defaultConfigurationIsVisible = 0;
			defaultConfigurationName = Release;
		};
		A279F738229CCB9D003FAC27 /* Build configuration list for PBXNativeTarget "PhotosFrameworkUsage" */ = {
			isa = XCConfigurationList;
			buildConfigurations = (
				A279F739229CCB9D003FAC27 /* Debug */,
				A279F73A229CCB9D003FAC27 /* Release */,
			);
			defaultConfigurationIsVisible = 0;
			defaultConfigurationName = Release;
		};
/* End XCConfigurationList section */
	};
	rootObject = A279F71A229CCB9B003FAC27 /* Project object */;
}
